
Microsoft Visual Studio Solution File, Format Version 12.00
# Visual Studio Version 17
VisualStudioVersion = 17.5.002.0
MinimumVisualStudioVersion = 10.0.40219.1
Project("{9A19103F-16F7-4668-BE54-9A1E7A4F7556}") = "Lab_WT_Data", "Lab_WT_Data.csproj", "{B2055627-2E5C-4D6E-94C8-C2BA56E28553}"
EndProject
Global
	GlobalSection(SolutionConfigurationPlatforms) = preSolution
		Debug|Any CPU = Debug|Any CPU
		Release|Any CPU = Release|Any CPU
	EndGlobalSection
	GlobalSection(ProjectConfigurationPlatforms) = postSolution
		{B2055627-2E5C-4D6E-94C8-C2BA56E28553}.Debug|Any CPU.ActiveCfg = Debug|Any CPU
		{B2055627-2E5C-4D6E-94C8-C2BA56E28553}.Debug|Any CPU.Build.0 = Debug|Any CPU
		{B2055627-2E5C-4D6E-94C8-C2BA56E28553}.Release|Any CPU.ActiveCfg = Release|Any CPU
		{B2055627-2E5C-4D6E-94C8-C2BA56E28553}.Release|Any CPU.Build.0 = Release|Any CPU
	EndGlobalSection
	GlobalSection(SolutionProperties) = preSolution
		HideSolutionNode = FALSE
	EndGlobalSection
	GlobalSection(ExtensibilityGlobals) = postSolution
		SolutionGuid = {5B80AFCE-86F8-4112-8447-F64CD111B7D8}
	EndGlobalSection
EndGlobal
