
Microsoft Visual Studio Solution File, Format Version 12.00
# Visual Studio Version 17
VisualStudioVersion = 17.5.002.0
MinimumVisualStudioVersion = 10.0.40219.1
Project("{9A19103F-16F7-4668-BE54-9A1E7A4F7556}") = "Lab_WT_Data", "Lab_WT_Data.csproj", "{6A475AD6-7317-4B16-BAF2-085E4104751D}"
EndProject
Global
	GlobalSection(SolutionConfigurationPlatforms) = preSolution
		Debug|Any CPU = Debug|Any CPU
		Release|Any CPU = Release|Any CPU
	EndGlobalSection
	GlobalSection(ProjectConfigurationPlatforms) = postSolution
		{6A475AD6-7317-4B16-BAF2-085E4104751D}.Debug|Any CPU.ActiveCfg = Debug|Any CPU
		{6A475AD6-7317-4B16-BAF2-085E4104751D}.Debug|Any CPU.Build.0 = Debug|Any CPU
		{6A475AD6-7317-4B16-BAF2-085E4104751D}.Release|Any CPU.ActiveCfg = Release|Any CPU
		{6A475AD6-7317-4B16-BAF2-085E4104751D}.Release|Any CPU.Build.0 = Release|Any CPU
	EndGlobalSection
	GlobalSection(SolutionProperties) = preSolution
		HideSolutionNode = FALSE
	EndGlobalSection
	GlobalSection(ExtensibilityGlobals) = postSolution
		SolutionGuid = {8B3C9F2E-6FFF-4FBC-9DC8-C3A4D1B8C38A}
	EndGlobalSection
EndGlobal
